
Microsoft Visual Studio Solution File, Format Version 12.00
# Visual Studio Version 17
VisualStudioVersion = 17.13.35825.156 d17.13
MinimumVisualStudioVersion = 10.0.40219.1
Project("{FAE04EC0-301F-11D3-BF4B-00C04F79EFBC}") = "MediQ", "MediQ\MediQ.csproj", "{DCC26C46-9833-4DC9-9A20-479DD7667C25}"
EndProject
Global
	GlobalSection(SolutionConfigurationPlatforms) = preSolution
		Debug|Any CPU = Debug|Any CPU
		Release|Any CPU = Release|Any CPU
	EndGlobalSection
	GlobalSection(ProjectConfigurationPlatforms) = postSolution
		{DCC26C46-9833-4DC9-9A20-479DD7667C25}.Debug|Any CPU.ActiveCfg = Debug|Any CPU
		{DCC26C46-9833-4DC9-9A20-479DD7667C25}.Debug|Any CPU.Build.0 = Debug|Any CPU
		{DCC26C46-9833-4DC9-9A20-479DD7667C25}.Release|Any CPU.ActiveCfg = Release|Any CPU
		{DCC26C46-9833-4DC9-9A20-479DD7667C25}.Release|Any CPU.Build.0 = Release|Any CPU
	EndGlobalSection
	GlobalSection(SolutionProperties) = preSolution
		HideSolutionNode = FALSE
	EndGlobalSection
	GlobalSection(ExtensibilityGlobals) = postSolution
		SolutionGuid = {0C850C78-1FA1-41DC-A576-7AB32A5E7E93}
	EndGlobalSection
EndGlobal
